
Microsoft Visual Studio Solution File, Format Version 12.00
# Visual Studio 15
VisualStudioVersion = 15.0.27004.2005
MinimumVisualStudioVersion = 10.0.40219.1
Project("{FAE04EC0-301F-11D3-BF4B-00C04F79EFBC}") = "KantanUE4VS", "KantanUE4VS\KantanUE4VS.csproj", "{B57809F4-0760-41E5-85DB-00719A6261F5}"
EndProject
Project("{FAE04EC0-301F-11D3-BF4B-00C04F79EFBC}") = "UE4PropVis", "UE4PropVis\UE4PropVis.csproj", "{3B347154-C273-431F-85AC-6CDE691FCB17}"
EndProject
Project("{FAE04EC0-301F-11D3-BF4B-00C04F79EFBC}") = "KUE4VS_UI", "KUE4VS_UI\KUE4VS_UI.csproj", "{3B565830-C8A4-44C2-8593-7E968C478882}"
EndProject
Project("{FAE04EC0-301F-11D3-BF4B-00C04F79EFBC}") = "KUE4VS_Core", "KUE4VS_Core\KUE4VS_Core.csproj", "{4F4009AF-568A-438F-925A-93C9DB8CA74A}"
EndProject
Global
	GlobalSection(SolutionConfigurationPlatforms) = preSolution
		Debug|Any CPU = Debug|Any CPU
		Release|Any CPU = Release|Any CPU
	EndGlobalSection
	GlobalSection(ProjectConfigurationPlatforms) = postSolution
		{B57809F4-0760-41E5-85DB-00719A6261F5}.Debug|Any CPU.ActiveCfg = Debug|Any CPU
		{B57809F4-0760-41E5-85DB-00719A6261F5}.Debug|Any CPU.Build.0 = Debug|Any CPU
		{B57809F4-0760-41E5-85DB-00719A6261F5}.Release|Any CPU.ActiveCfg = Release|Any CPU
		{B57809F4-0760-41E5-85DB-00719A6261F5}.Release|Any CPU.Build.0 = Release|Any CPU
		{3B347154-C273-431F-85AC-6CDE691FCB17}.Debug|Any CPU.ActiveCfg = Debug|Any CPU
		{3B347154-C273-431F-85AC-6CDE691FCB17}.Debug|Any CPU.Build.0 = Debug|Any CPU
		{3B347154-C273-431F-85AC-6CDE691FCB17}.Release|Any CPU.ActiveCfg = Release|Any CPU
		{3B347154-C273-431F-85AC-6CDE691FCB17}.Release|Any CPU.Build.0 = Release|Any CPU
		{3B565830-C8A4-44C2-8593-7E968C478882}.Debug|Any CPU.ActiveCfg = Debug|Any CPU
		{3B565830-C8A4-44C2-8593-7E968C478882}.Debug|Any CPU.Build.0 = Debug|Any CPU
		{3B565830-C8A4-44C2-8593-7E968C478882}.Release|Any CPU.ActiveCfg = Release|Any CPU
		{3B565830-C8A4-44C2-8593-7E968C478882}.Release|Any CPU.Build.0 = Release|Any CPU
		{4F4009AF-568A-438F-925A-93C9DB8CA74A}.Debug|Any CPU.ActiveCfg = Debug|Any CPU
		{4F4009AF-568A-438F-925A-93C9DB8CA74A}.Debug|Any CPU.Build.0 = Debug|Any CPU
		{4F4009AF-568A-438F-925A-93C9DB8CA74A}.Release|Any CPU.ActiveCfg = Release|Any CPU
		{4F4009AF-568A-438F-925A-93C9DB8CA74A}.Release|Any CPU.Build.0 = Release|Any CPU
	EndGlobalSection
	GlobalSection(SolutionProperties) = preSolution
		HideSolutionNode = FALSE
	EndGlobalSection
	GlobalSection(ExtensibilityGlobals) = postSolution
		SolutionGuid = {BC3E3761-336C-41B5-B899-01134087B6EB}
	EndGlobalSection
EndGlobal
